
Microsoft Visual Studio Solution File, Format Version 12.00
# Visual Studio 14
VisualStudioVersion = 14.0.25420.1
MinimumVisualStudioVersion = 10.0.40219.1
Project("{FAE04EC0-301F-11D3-BF4B-00C04F79EFBC}") = "OneCog.Io.LightwaveRf", "OneCog.Io.LightwaveRf\OneCog.Io.LightwaveRf.csproj", "{7E819300-1AF4-4AD4-8190-C8EA796455C6}"
EndProject
Project("{FAE04EC0-301F-11D3-BF4B-00C04F79EFBC}") = "OneCog.Io.LightwaveRf.WpfApp", "OneCog.Io.LightwaveRf.WpfApp\OneCog.Io.LightwaveRf.WpfApp.csproj", "{7F60DFFA-201A-4968-96A8-6480E1CACCE6}"
EndProject
Project("{2150E333-8FDC-42A3-9474-1A3956D46DE8}") = "Build", "Build", "{10AA36B3-2DC7-4779-979C-283E66C447A7}"
	ProjectSection(SolutionItems) = preProject
		..\build\build.cake = ..\build\build.cake
		..\build\OneCog.Io.LightwaveRf.nuspec = ..\build\OneCog.Io.LightwaveRf.nuspec
	EndProjectSection
EndProject
Global
	GlobalSection(SolutionConfigurationPlatforms) = preSolution
		Debug|Any CPU = Debug|Any CPU
		Release|Any CPU = Release|Any CPU
	EndGlobalSection
	GlobalSection(ProjectConfigurationPlatforms) = postSolution
		{7E819300-1AF4-4AD4-8190-C8EA796455C6}.Debug|Any CPU.ActiveCfg = Debug|Any CPU
		{7E819300-1AF4-4AD4-8190-C8EA796455C6}.Debug|Any CPU.Build.0 = Debug|Any CPU
		{7E819300-1AF4-4AD4-8190-C8EA796455C6}.Release|Any CPU.ActiveCfg = Release|Any CPU
		{7E819300-1AF4-4AD4-8190-C8EA796455C6}.Release|Any CPU.Build.0 = Release|Any CPU
		{7F60DFFA-201A-4968-96A8-6480E1CACCE6}.Debug|Any CPU.ActiveCfg = Debug|Any CPU
		{7F60DFFA-201A-4968-96A8-6480E1CACCE6}.Debug|Any CPU.Build.0 = Debug|Any CPU
		{7F60DFFA-201A-4968-96A8-6480E1CACCE6}.Release|Any CPU.ActiveCfg = Release|Any CPU
		{7F60DFFA-201A-4968-96A8-6480E1CACCE6}.Release|Any CPU.Build.0 = Release|Any CPU
	EndGlobalSection
	GlobalSection(SolutionProperties) = preSolution
		HideSolutionNode = FALSE
	EndGlobalSection
EndGlobal
